// !$*UTF8*$!
{
	archiveVersion = 1;
	classes = {
	};
	objectVersion = 56;
	objects = {

/* Begin PBXBuildFile section */
		984E75B129D4299400C6B7F2 /* AppDelegate.swift in Sources */ = {isa = PBXBuildFile; fileRef = 984E75B029D4299400C6B7F2 /* AppDelegate.swift */; };
		984E75B329D4299400C6B7F2 /* Shaders.metal in Sources */ = {isa = PBXBuildFile; fileRef = 984E75B229D4299400C6B7F2 /* Shaders.metal */; };
		984E75B629D4299400C6B7F2 /* Renderer.swift in Sources */ = {isa = PBXBuildFile; fileRef = 984E75B529D4299400C6B7F2 /* Renderer.swift */; };
		984E75B829D4299400C6B7F2 /* ViewController.swift in Sources */ = {isa = PBXBuildFile; fileRef = 984E75B729D4299400C6B7F2 /* ViewController.swift */; };
		984E75BB29D4299400C6B7F2 /* Main.storyboard in Resources */ = {isa = PBXBuildFile; fileRef = 984E75B929D4299400C6B7F2 /* Main.storyboard */; };
		984E75BD29D4299500C6B7F2 /* Assets.xcassets in Resources */ = {isa = PBXBuildFile; fileRef = 984E75BC29D4299500C6B7F2 /* Assets.xcassets */; };
		984E75C029D4299500C6B7F2 /* LaunchScreen.storyboard in Resources */ = {isa = PBXBuildFile; fileRef = 984E75BE29D4299500C6B7F2 /* LaunchScreen.storyboard */; };
		984E75CB29D4299600C6B7F2 /* WeScoopFilterCreatorTests.swift in Sources */ = {isa = PBXBuildFile; fileRef = 984E75CA29D4299600C6B7F2 /* WeScoopFilterCreatorTests.swift */; };
		984E75D529D4299600C6B7F2 /* WeScoopFilterCreatorUITests.swift in Sources */ = {isa = PBXBuildFile; fileRef = 984E75D429D4299600C6B7F2 /* WeScoopFilterCreatorUITests.swift */; };
		984E75D729D4299600C6B7F2 /* WeScoopFilterCreatorUITestsLaunchTests.swift in Sources */ = {isa = PBXBuildFile; fileRef = 984E75D629D4299600C6B7F2 /* WeScoopFilterCreatorUITestsLaunchTests.swift */; };
		984E75FB29D4401F00C6B7F2 /* VirtualFaceContent.swift in Sources */ = {isa = PBXBuildFile; fileRef = 984E75FA29D4401F00C6B7F2 /* VirtualFaceContent.swift */; };
		984E75FD29D58BE500C6B7F2 /* Overlay.swift in Sources */ = {isa = PBXBuildFile; fileRef = 984E75FC29D58BE500C6B7F2 /* Overlay.swift */; };
		984E75FF29D58D3C00C6B7F2 /* MaskInfo.swift in Sources */ = {isa = PBXBuildFile; fileRef = 984E75FE29D58D3C00C6B7F2 /* MaskInfo.swift */; };
		984E760229D58F2900C6B7F2 /* Models.scnassets in Resources */ = {isa = PBXBuildFile; fileRef = 984E760129D58F2900C6B7F2 /* Models.scnassets */; };
		984E760629D58F8600C6B7F2 /* SceneKit Asset Catalog.scnassets in Resources */ = {isa = PBXBuildFile; fileRef = 984E760529D58F8600C6B7F2 /* SceneKit Asset Catalog.scnassets */; };
		984E760829D5920600C6B7F2 /* Aviator.scnassets in Resources */ = {isa = PBXBuildFile; fileRef = 984E760729D5920600C6B7F2 /* Aviator.scnassets */; };
		984E760A29D5BB2A00C6B7F2 /* RenderPixelBufferConsumer.swift in Sources */ = {isa = PBXBuildFile; fileRef = 984E760929D5BB2A00C6B7F2 /* RenderPixelBufferConsumer.swift */; };
		984E760D29D6CF7200C6B7F2 /* ShaderCommon.metal in Sources */ = {isa = PBXBuildFile; fileRef = 984E760C29D6CF7200C6B7F2 /* ShaderCommon.metal */; };
		984E760F29D6D19600C6B7F2 /* Retouch.metal in Sources */ = {isa = PBXBuildFile; fileRef = 984E760E29D6D19600C6B7F2 /* Retouch.metal */; };
		984E761129D6D1E900C6B7F2 /* LUT.metal in Sources */ = {isa = PBXBuildFile; fileRef = 984E761029D6D1E900C6B7F2 /* LUT.metal */; };
		984E761329D6D79800C6B7F2 /* FaceMask.swift in Sources */ = {isa = PBXBuildFile; fileRef = 984E761229D6D79800C6B7F2 /* FaceMask.swift */; };
		984E761529D6DB4800C6B7F2 /* RenderDestinationProvider.swift in Sources */ = {isa = PBXBuildFile; fileRef = 984E761429D6DB4800C6B7F2 /* RenderDestinationProvider.swift */; };
		984E762129D6EB6700C6B7F2 /* displacementFragment.scnmodifier in Resources */ = {isa = PBXBuildFile; fileRef = 984E761A29D6EB6700C6B7F2 /* displacementFragment.scnmodifier */; };
		984E762229D6EB6700C6B7F2 /* defaultCoords.plist in Resources */ = {isa = PBXBuildFile; fileRef = 984E761B29D6EB6700C6B7F2 /* defaultCoords.plist */; };
		984E762329D6EB6700C6B7F2 /* daz3duv.plist in Resources */ = {isa = PBXBuildFile; fileRef = 984E761C29D6EB6700C6B7F2 /* daz3duv.plist */; };
		984E762429D6EB6700C6B7F2 /* alternateCoords.plist in Resources */ = {isa = PBXBuildFile; fileRef = 984E761D29D6EB6700C6B7F2 /* alternateCoords.plist */; };
		984E762529D6EB6700C6B7F2 /* makeupFragment.scnmodifier in Resources */ = {isa = PBXBuildFile; fileRef = 984E761E29D6EB6700C6B7F2 /* makeupFragment.scnmodifier */; };
		984E762629D6EB6700C6B7F2 /* displacementGeometry.scnmodifier in Resources */ = {isa = PBXBuildFile; fileRef = 984E761F29D6EB6700C6B7F2 /* displacementGeometry.scnmodifier */; };
		984E762729D6EB6700C6B7F2 /* daz3duv2.plist in Resources */ = {isa = PBXBuildFile; fileRef = 984E762029D6EB6700C6B7F2 /* daz3duv2.plist */; };
		984E762929D6EFA900C6B7F2 /* Bowie2.scnassets in Resources */ = {isa = PBXBuildFile; fileRef = 984E762829D6EFA900C6B7F2 /* Bowie2.scnassets */; };
		984E762D29D6F05900C6B7F2 /* geo2.scnassets in Resources */ = {isa = PBXBuildFile; fileRef = 984E762C29D6F05900C6B7F2 /* geo2.scnassets */; };
		984E763029D6F25E00C6B7F2 /* reducedIndices.bin in Resources */ = {isa = PBXBuildFile; fileRef = 984E762E29D6F25D00C6B7F2 /* reducedIndices.bin */; };
		984E763129D6F25E00C6B7F2 /* model_eye in Resources */ = {isa = PBXBuildFile; fileRef = 984E762F29D6F25D00C6B7F2 /* model_eye */; };
		FAC5315629E6E3C5000BC701 /* Aviator_scnassets.scnassets in Resources */ = {isa = PBXBuildFile; fileRef = FAC5315529E6E3C5000BC701 /* Aviator_scnassets.scnassets */; };
		FAC5318E29E6E8CA000BC701 /* aviator_makeup.png in Resources */ = {isa = PBXBuildFile; fileRef = FAC5318729E6E8CA000BC701 /* aviator_makeup.png */; };
		FAC5318F29E6E8CA000BC701 /* aviator5.dae in Resources */ = {isa = PBXBuildFile; fileRef = FAC5318829E6E8CA000BC701 /* aviator5.dae */; };
		FAC5319029E6E8CA000BC701 /* FW-G-StarsSPEC.png in Resources */ = {isa = PBXBuildFile; fileRef = FAC5318929E6E8CA000BC701 /* FW-G-StarsSPEC.png */; };
		FAC5319129E6E8CA000BC701 /* Aviator.scn in Resources */ = {isa = PBXBuildFile; fileRef = FAC5318A29E6E8CA000BC701 /* Aviator.scn */; };
		FAC5319229E6E8CA000BC701 /* FW-G-StarsGreen.png in Resources */ = {isa = PBXBuildFile; fileRef = FAC5318B29E6E8CA000BC701 /* FW-G-StarsGreen.png */; };
		FAC5319329E6E8CA000BC701 /* FW-G-StarsNORMAL.png in Resources */ = {isa = PBXBuildFile; fileRef = FAC5318C29E6E8CA000BC701 /* FW-G-StarsNORMAL.png */; };
		FAC5319429E6E8CA000BC701 /* aviator.dae in Resources */ = {isa = PBXBuildFile; fileRef = FAC5318D29E6E8CA000BC701 /* aviator.dae */; };
		FAC5319729E6EA1B000BC701 /* TEST in Resources */ = {isa = PBXBuildFile; fileRef = FAC5319629E6EA1B000BC701 /* TEST */; };
		FAC5319929E6EADB000BC701 /* Models_scnassets in Resources */ = {isa = PBXBuildFile; fileRef = FAC5319829E6EADB000BC701 /* Models_scnassets */; };
/* End PBXBuildFile section */

/* Begin PBXContainerItemProxy section */
		984E75C729D4299600C6B7F2 /* PBXContainerItemProxy */ = {
			isa = PBXContainerItemProxy;
			containerPortal = 984E75A529D4299400C6B7F2 /* Project object */;
			proxyType = 1;
			remoteGlobalIDString = 984E75AC29D4299400C6B7F2;
			remoteInfo = WeScoopFilterCreator;
		};
		984E75D129D4299600C6B7F2 /* PBXContainerItemProxy */ = {
			isa = PBXContainerItemProxy;
			containerPortal = 984E75A529D4299400C6B7F2 /* Project object */;
			proxyType = 1;
			remoteGlobalIDString = 984E75AC29D4299400C6B7F2;
			remoteInfo = WeScoopFilterCreator;
		};
/* End PBXContainerItemProxy section */

/* Begin PBXFileReference section */
		984E75AD29D4299400C6B7F2 /* WeScoopFilterCreator.app */ = {isa = PBXFileReference; explicitFileType = wrapper.application; includeInIndex = 0; path = WeScoopFilterCreator.app; sourceTree = BUILT_PRODUCTS_DIR; };
		984E75B029D4299400C6B7F2 /* AppDelegate.swift */ = {isa = PBXFileReference; lastKnownFileType = sourcecode.swift; path = AppDelegate.swift; sourceTree = "<group>"; };
		984E75B229D4299400C6B7F2 /* Shaders.metal */ = {isa = PBXFileReference; lastKnownFileType = sourcecode.metal; path = Shaders.metal; sourceTree = "<group>"; };
		984E75B429D4299400C6B7F2 /* ShaderTypes.h */ = {isa = PBXFileReference; lastKnownFileType = sourcecode.c.h; path = ShaderTypes.h; sourceTree = "<group>"; };
		984E75B529D4299400C6B7F2 /* Renderer.swift */ = {isa = PBXFileReference; lastKnownFileType = sourcecode.swift; path = Renderer.swift; sourceTree = "<group>"; };
		984E75B729D4299400C6B7F2 /* ViewController.swift */ = {isa = PBXFileReference; lastKnownFileType = sourcecode.swift; path = ViewController.swift; sourceTree = "<group>"; };
		984E75BA29D4299400C6B7F2 /* Base */ = {isa = PBXFileReference; lastKnownFileType = file.storyboard; name = Base; path = Base.lproj/Main.storyboard; sourceTree = "<group>"; };
		984E75BC29D4299500C6B7F2 /* Assets.xcassets */ = {isa = PBXFileReference; lastKnownFileType = folder.assetcatalog; path = Assets.xcassets; sourceTree = "<group>"; };
		984E75BF29D4299500C6B7F2 /* Base */ = {isa = PBXFileReference; lastKnownFileType = file.storyboard; name = Base; path = Base.lproj/LaunchScreen.storyboard; sourceTree = "<group>"; };
		984E75C129D4299500C6B7F2 /* WeScoopFilterCreator-Bridging-Header.h */ = {isa = PBXFileReference; lastKnownFileType = sourcecode.c.h; path = "WeScoopFilterCreator-Bridging-Header.h"; sourceTree = "<group>"; };
		984E75C629D4299600C6B7F2 /* WeScoopFilterCreatorTests.xctest */ = {isa = PBXFileReference; explicitFileType = wrapper.cfbundle; includeInIndex = 0; path = WeScoopFilterCreatorTests.xctest; sourceTree = BUILT_PRODUCTS_DIR; };
		984E75CA29D4299600C6B7F2 /* WeScoopFilterCreatorTests.swift */ = {isa = PBXFileReference; lastKnownFileType = sourcecode.swift; path = WeScoopFilterCreatorTests.swift; sourceTree = "<group>"; };
		984E75D029D4299600C6B7F2 /* WeScoopFilterCreatorUITests.xctest */ = {isa = PBXFileReference; explicitFileType = wrapper.cfbundle; includeInIndex = 0; path = WeScoopFilterCreatorUITests.xctest; sourceTree = BUILT_PRODUCTS_DIR; };
		984E75D429D4299600C6B7F2 /* WeScoopFilterCreatorUITests.swift */ = {isa = PBXFileReference; lastKnownFileType = sourcecode.swift; path = WeScoopFilterCreatorUITests.swift; sourceTree = "<group>"; };
		984E75D629D4299600C6B7F2 /* WeScoopFilterCreatorUITestsLaunchTests.swift */ = {isa = PBXFileReference; lastKnownFileType = sourcecode.swift; path = WeScoopFilterCreatorUITestsLaunchTests.swift; sourceTree = "<group>"; };
		984E75FA29D4401F00C6B7F2 /* VirtualFaceContent.swift */ = {isa = PBXFileReference; lastKnownFileType = sourcecode.swift; path = VirtualFaceContent.swift; sourceTree = "<group>"; };
		984E75FC29D58BE500C6B7F2 /* Overlay.swift */ = {isa = PBXFileReference; lastKnownFileType = sourcecode.swift; path = Overlay.swift; sourceTree = "<group>"; };
		984E75FE29D58D3C00C6B7F2 /* MaskInfo.swift */ = {isa = PBXFileReference; lastKnownFileType = sourcecode.swift; path = MaskInfo.swift; sourceTree = "<group>"; };
		984E760129D58F2900C6B7F2 /* Models.scnassets */ = {isa = PBXFileReference; lastKnownFileType = wrapper.scnassets; path = Models.scnassets; sourceTree = "<group>"; };
		984E760529D58F8600C6B7F2 /* SceneKit Asset Catalog.scnassets */ = {isa = PBXFileReference; lastKnownFileType = wrapper.scnassets; path = "SceneKit Asset Catalog.scnassets"; sourceTree = "<group>"; };
		984E760729D5920600C6B7F2 /* Aviator.scnassets */ = {isa = PBXFileReference; lastKnownFileType = wrapper.scnassets; path = Aviator.scnassets; sourceTree = "<group>"; };
		984E760929D5BB2A00C6B7F2 /* RenderPixelBufferConsumer.swift */ = {isa = PBXFileReference; lastKnownFileType = sourcecode.swift; path = RenderPixelBufferConsumer.swift; sourceTree = "<group>"; };
		984E760B29D6CF4D00C6B7F2 /* ShaderCommon.h */ = {isa = PBXFileReference; lastKnownFileType = sourcecode.c.h; path = ShaderCommon.h; sourceTree = "<group>"; };
		984E760C29D6CF7200C6B7F2 /* ShaderCommon.metal */ = {isa = PBXFileReference; lastKnownFileType = sourcecode.metal; path = ShaderCommon.metal; sourceTree = "<group>"; };
		984E760E29D6D19600C6B7F2 /* Retouch.metal */ = {isa = PBXFileReference; lastKnownFileType = sourcecode.metal; path = Retouch.metal; sourceTree = "<group>"; };
		984E761029D6D1E900C6B7F2 /* LUT.metal */ = {isa = PBXFileReference; lastKnownFileType = sourcecode.metal; path = LUT.metal; sourceTree = "<group>"; };
		984E761229D6D79800C6B7F2 /* FaceMask.swift */ = {isa = PBXFileReference; lastKnownFileType = sourcecode.swift; path = FaceMask.swift; sourceTree = "<group>"; };
		984E761429D6DB4800C6B7F2 /* RenderDestinationProvider.swift */ = {isa = PBXFileReference; lastKnownFileType = sourcecode.swift; path = RenderDestinationProvider.swift; sourceTree = "<group>"; };
		984E761A29D6EB6700C6B7F2 /* displacementFragment.scnmodifier */ = {isa = PBXFileReference; fileEncoding = 4; lastKnownFileType = text; path = displacementFragment.scnmodifier; sourceTree = "<group>"; };
		984E761B29D6EB6700C6B7F2 /* defaultCoords.plist */ = {isa = PBXFileReference; fileEncoding = 4; lastKnownFileType = text.plist.xml; path = defaultCoords.plist; sourceTree = "<group>"; };
		984E761C29D6EB6700C6B7F2 /* daz3duv.plist */ = {isa = PBXFileReference; fileEncoding = 4; lastKnownFileType = text.plist.xml; path = daz3duv.plist; sourceTree = "<group>"; };
		984E761D29D6EB6700C6B7F2 /* alternateCoords.plist */ = {isa = PBXFileReference; fileEncoding = 4; lastKnownFileType = text.plist.xml; path = alternateCoords.plist; sourceTree = "<group>"; };
		984E761E29D6EB6700C6B7F2 /* makeupFragment.scnmodifier */ = {isa = PBXFileReference; fileEncoding = 4; lastKnownFileType = text; path = makeupFragment.scnmodifier; sourceTree = "<group>"; };
		984E761F29D6EB6700C6B7F2 /* displacementGeometry.scnmodifier */ = {isa = PBXFileReference; fileEncoding = 4; lastKnownFileType = text; path = displacementGeometry.scnmodifier; sourceTree = "<group>"; };
		984E762029D6EB6700C6B7F2 /* daz3duv2.plist */ = {isa = PBXFileReference; fileEncoding = 4; lastKnownFileType = text.plist.xml; path = daz3duv2.plist; sourceTree = "<group>"; };
		984E762829D6EFA900C6B7F2 /* Bowie2.scnassets */ = {isa = PBXFileReference; lastKnownFileType = wrapper.scnassets; path = Bowie2.scnassets; sourceTree = "<group>"; };
		984E762C29D6F05900C6B7F2 /* geo2.scnassets */ = {isa = PBXFileReference; lastKnownFileType = wrapper.scnassets; path = geo2.scnassets; sourceTree = "<group>"; };
		984E762E29D6F25D00C6B7F2 /* reducedIndices.bin */ = {isa = PBXFileReference; lastKnownFileType = archive.macbinary; path = reducedIndices.bin; sourceTree = "<group>"; };
		984E762F29D6F25D00C6B7F2 /* model_eye */ = {isa = PBXFileReference; lastKnownFileType = folder; path = model_eye; sourceTree = "<group>"; };
		FAC5315529E6E3C5000BC701 /* Aviator_scnassets.scnassets */ = {isa = PBXFileReference; lastKnownFileType = wrapper.scnassets; path = Aviator_scnassets.scnassets; sourceTree = "<group>"; };
		FAC5318729E6E8CA000BC701 /* aviator_makeup.png */ = {isa = PBXFileReference; lastKnownFileType = image.png; path = aviator_makeup.png; sourceTree = "<group>"; };
		FAC5318829E6E8CA000BC701 /* aviator5.dae */ = {isa = PBXFileReference; fileEncoding = 4; lastKnownFileType = text.xml.dae; path = aviator5.dae; sourceTree = "<group>"; };
		FAC5318929E6E8CA000BC701 /* FW-G-StarsSPEC.png */ = {isa = PBXFileReference; lastKnownFileType = image.png; path = "FW-G-StarsSPEC.png"; sourceTree = "<group>"; };
		FAC5318A29E6E8CA000BC701 /* Aviator.scn */ = {isa = PBXFileReference; lastKnownFileType = file.bplist; path = Aviator.scn; sourceTree = "<group>"; };
		FAC5318B29E6E8CA000BC701 /* FW-G-StarsGreen.png */ = {isa = PBXFileReference; lastKnownFileType = image.png; path = "FW-G-StarsGreen.png"; sourceTree = "<group>"; };
		FAC5318C29E6E8CA000BC701 /* FW-G-StarsNORMAL.png */ = {isa = PBXFileReference; lastKnownFileType = image.png; path = "FW-G-StarsNORMAL.png"; sourceTree = "<group>"; };
		FAC5318D29E6E8CA000BC701 /* aviator.dae */ = {isa = PBXFileReference; fileEncoding = 4; lastKnownFileType = text.xml.dae; path = aviator.dae; sourceTree = "<group>"; };
		FAC5319629E6EA1B000BC701 /* TEST */ = {isa = PBXFileReference; lastKnownFileType = folder; path = TEST; sourceTree = "<group>"; };
		FAC5319829E6EADB000BC701 /* Models_scnassets */ = {isa = PBXFileReference; lastKnownFileType = folder; path = Models_scnassets; sourceTree = "<group>"; };
/* End PBXFileReference section */

/* Begin PBXFrameworksBuildPhase section */
		984E75AA29D4299400C6B7F2 /* Frameworks */ = {
			isa = PBXFrameworksBuildPhase;
			buildActionMask = 2147483647;
			files = (
			);
			runOnlyForDeploymentPostprocessing = 0;
		};
		984E75C329D4299600C6B7F2 /* Frameworks */ = {
			isa = PBXFrameworksBuildPhase;
			buildActionMask = 2147483647;
			files = (
			);
			runOnlyForDeploymentPostprocessing = 0;
		};
		984E75CD29D4299600C6B7F2 /* Frameworks */ = {
			isa = PBXFrameworksBuildPhase;
			buildActionMask = 2147483647;
			files = (
			);
			runOnlyForDeploymentPostprocessing = 0;
		};
/* End PBXFrameworksBuildPhase section */

/* Begin PBXGroup section */
		984E75A429D4299400C6B7F2 = {
			isa = PBXGroup;
			children = (
				984E75AF29D4299400C6B7F2 /* WeScoopFilterCreator */,
				984E75C929D4299600C6B7F2 /* WeScoopFilterCreatorTests */,
				984E75D329D4299600C6B7F2 /* WeScoopFilterCreatorUITests */,
				984E75AE29D4299400C6B7F2 /* Products */,
			);
			sourceTree = "<group>";
		};
		984E75AE29D4299400C6B7F2 /* Products */ = {
			isa = PBXGroup;
			children = (
				984E75AD29D4299400C6B7F2 /* WeScoopFilterCreator.app */,
				984E75C629D4299600C6B7F2 /* WeScoopFilterCreatorTests.xctest */,
				984E75D029D4299600C6B7F2 /* WeScoopFilterCreatorUITests.xctest */,
			);
			name = Products;
			sourceTree = "<group>";
		};
		984E75AF29D4299400C6B7F2 /* WeScoopFilterCreator */ = {
			isa = PBXGroup;
			children = (
				FAC5319829E6EADB000BC701 /* Models_scnassets */,
				FAC5319629E6EA1B000BC701 /* TEST */,
				FAC5319529E6E979000BC701 /* Aviator2 */,
				FAC5318629E6E8CA000BC701 /* Aviator */,
				FAC5315529E6E3C5000BC701 /* Aviator_scnassets.scnassets */,
				984E760729D5920600C6B7F2 /* Aviator.scnassets */,
				984E760129D58F2900C6B7F2 /* Models.scnassets */,
				984E761929D6EB5500C6B7F2 /* Resources */,
				984E761429D6DB4800C6B7F2 /* RenderDestinationProvider.swift */,
				984E75B529D4299400C6B7F2 /* Renderer.swift */,
				984E760929D5BB2A00C6B7F2 /* RenderPixelBufferConsumer.swift */,
				984E761229D6D79800C6B7F2 /* FaceMask.swift */,
				984E75FC29D58BE500C6B7F2 /* Overlay.swift */,
				984E75FE29D58D3C00C6B7F2 /* MaskInfo.swift */,
				984E75B229D4299400C6B7F2 /* Shaders.metal */,
				984E75B429D4299400C6B7F2 /* ShaderTypes.h */,
				984E760C29D6CF7200C6B7F2 /* ShaderCommon.metal */,
				984E760B29D6CF4D00C6B7F2 /* ShaderCommon.h */,
				984E760E29D6D19600C6B7F2 /* Retouch.metal */,
				984E761029D6D1E900C6B7F2 /* LUT.metal */,
				984E760029D58EC700C6B7F2 /* WeScoopEffects */,
				984E75EF29D430F900C6B7F2 /* Shaders */,
				984E75E429D4306F00C6B7F2 /* Render */,
				984E75B029D4299400C6B7F2 /* AppDelegate.swift */,
				984E75B729D4299400C6B7F2 /* ViewController.swift */,
				984E75FA29D4401F00C6B7F2 /* VirtualFaceContent.swift */,
				984E75B929D4299400C6B7F2 /* Main.storyboard */,
				984E75BC29D4299500C6B7F2 /* Assets.xcassets */,
				984E75BE29D4299500C6B7F2 /* LaunchScreen.storyboard */,
				984E75C129D4299500C6B7F2 /* WeScoopFilterCreator-Bridging-Header.h */,
			);
			path = WeScoopFilterCreator;
			sourceTree = "<group>";
		};
		984E75C929D4299600C6B7F2 /* WeScoopFilterCreatorTests */ = {
			isa = PBXGroup;
			children = (
				984E75CA29D4299600C6B7F2 /* WeScoopFilterCreatorTests.swift */,
			);
			path = WeScoopFilterCreatorTests;
			sourceTree = "<group>";
		};
		984E75D329D4299600C6B7F2 /* WeScoopFilterCreatorUITests */ = {
			isa = PBXGroup;
			children = (
				984E75D429D4299600C6B7F2 /* WeScoopFilterCreatorUITests.swift */,
				984E75D629D4299600C6B7F2 /* WeScoopFilterCreatorUITestsLaunchTests.swift */,
			);
			path = WeScoopFilterCreatorUITests;
			sourceTree = "<group>";
		};
		984E75E429D4306F00C6B7F2 /* Render */ = {
			isa = PBXGroup;
			children = (
			);
			path = Render;
			sourceTree = "<group>";
		};
		984E75EF29D430F900C6B7F2 /* Shaders */ = {
			isa = PBXGroup;
			children = (
			);
			path = Shaders;
			sourceTree = "<group>";
		};
		984E760029D58EC700C6B7F2 /* WeScoopEffects */ = {
			isa = PBXGroup;
			children = (
				984E762C29D6F05900C6B7F2 /* geo2.scnassets */,
				984E762829D6EFA900C6B7F2 /* Bowie2.scnassets */,
				984E760529D58F8600C6B7F2 /* SceneKit Asset Catalog.scnassets */,
			);
			path = WeScoopEffects;
			sourceTree = "<group>";
		};
		984E761929D6EB5500C6B7F2 /* Resources */ = {
			isa = PBXGroup;
			children = (
				984E762F29D6F25D00C6B7F2 /* model_eye */,
				984E762E29D6F25D00C6B7F2 /* reducedIndices.bin */,
				984E761D29D6EB6700C6B7F2 /* alternateCoords.plist */,
				984E761C29D6EB6700C6B7F2 /* daz3duv.plist */,
				984E762029D6EB6700C6B7F2 /* daz3duv2.plist */,
				984E761B29D6EB6700C6B7F2 /* defaultCoords.plist */,
				984E761A29D6EB6700C6B7F2 /* displacementFragment.scnmodifier */,
				984E761F29D6EB6700C6B7F2 /* displacementGeometry.scnmodifier */,
				984E761E29D6EB6700C6B7F2 /* makeupFragment.scnmodifier */,
			);
			path = Resources;
			sourceTree = "<group>";
		};
		FAC5318629E6E8CA000BC701 /* Aviator */ = {
			isa = PBXGroup;
			children = (
				FAC5318729E6E8CA000BC701 /* aviator_makeup.png */,
				FAC5318829E6E8CA000BC701 /* aviator5.dae */,
				FAC5318929E6E8CA000BC701 /* FW-G-StarsSPEC.png */,
				FAC5318A29E6E8CA000BC701 /* Aviator.scn */,
				FAC5318B29E6E8CA000BC701 /* FW-G-StarsGreen.png */,
				FAC5318C29E6E8CA000BC701 /* FW-G-StarsNORMAL.png */,
				FAC5318D29E6E8CA000BC701 /* aviator.dae */,
			);
			path = Aviator;
			sourceTree = "<group>";
		};
		FAC5319529E6E979000BC701 /* Aviator2 */ = {
			isa = PBXGroup;
			children = (
			);
			path = Aviator2;
			sourceTree = "<group>";
		};
/* End PBXGroup section */

/* Begin PBXNativeTarget section */
		984E75AC29D4299400C6B7F2 /* WeScoopFilterCreator */ = {
			isa = PBXNativeTarget;
			buildConfigurationList = 984E75DA29D4299600C6B7F2 /* Build configuration list for PBXNativeTarget "WeScoopFilterCreator" */;
			buildPhases = (
				984E75A929D4299400C6B7F2 /* Sources */,
				984E75AA29D4299400C6B7F2 /* Frameworks */,
				984E75AB29D4299400C6B7F2 /* Resources */,
			);
			buildRules = (
			);
			dependencies = (
			);
			name = WeScoopFilterCreator;
			productName = WeScoopFilterCreator;
			productReference = 984E75AD29D4299400C6B7F2 /* WeScoopFilterCreator.app */;
			productType = "com.apple.product-type.application";
		};
		984E75C529D4299600C6B7F2 /* WeScoopFilterCreatorTests */ = {
			isa = PBXNativeTarget;
			buildConfigurationList = 984E75DD29D4299600C6B7F2 /* Build configuration list for PBXNativeTarget "WeScoopFilterCreatorTests" */;
			buildPhases = (
				984E75C229D4299600C6B7F2 /* Sources */,
				984E75C329D4299600C6B7F2 /* Frameworks */,
				984E75C429D4299600C6B7F2 /* Resources */,
			);
			buildRules = (
			);
			dependencies = (
				984E75C829D4299600C6B7F2 /* PBXTargetDependency */,
			);
			name = WeScoopFilterCreatorTests;
			productName = WeScoopFilterCreatorTests;
			productReference = 984E75C629D4299600C6B7F2 /* WeScoopFilterCreatorTests.xctest */;
			productType = "com.apple.product-type.bundle.unit-test";
		};
		984E75CF29D4299600C6B7F2 /* WeScoopFilterCreatorUITests */ = {
			isa = PBXNativeTarget;
			buildConfigurationList = 984E75E029D4299600C6B7F2 /* Build configuration list for PBXNativeTarget "WeScoopFilterCreatorUITests" */;
			buildPhases = (
				984E75CC29D4299600C6B7F2 /* Sources */,
				984E75CD29D4299600C6B7F2 /* Frameworks */,
				984E75CE29D4299600C6B7F2 /* Resources */,
			);
			buildRules = (
			);
			dependencies = (
				984E75D229D4299600C6B7F2 /* PBXTargetDependency */,
			);
			name = WeScoopFilterCreatorUITests;
			productName = WeScoopFilterCreatorUITests;
			productReference = 984E75D029D4299600C6B7F2 /* WeScoopFilterCreatorUITests.xctest */;
			productType = "com.apple.product-type.bundle.ui-testing";
		};
/* End PBXNativeTarget section */

/* Begin PBXProject section */
		984E75A529D4299400C6B7F2 /* Project object */ = {
			isa = PBXProject;
			attributes = {
				BuildIndependentTargetsInParallel = 1;
				LastSwiftUpdateCheck = 1420;
				LastUpgradeCheck = 1420;
				TargetAttributes = {
					984E75AC29D4299400C6B7F2 = {
						CreatedOnToolsVersion = 14.2;
					};
					984E75C529D4299600C6B7F2 = {
						CreatedOnToolsVersion = 14.2;
						TestTargetID = 984E75AC29D4299400C6B7F2;
					};
					984E75CF29D4299600C6B7F2 = {
						CreatedOnToolsVersion = 14.2;
						TestTargetID = 984E75AC29D4299400C6B7F2;
					};
				};
			};
			buildConfigurationList = 984E75A829D4299400C6B7F2 /* Build configuration list for PBXProject "WeScoopFilterCreator" */;
			compatibilityVersion = "Xcode 14.0";
			developmentRegion = en;
			hasScannedForEncodings = 0;
			knownRegions = (
				en,
				Base,
			);
			mainGroup = 984E75A429D4299400C6B7F2;
			productRefGroup = 984E75AE29D4299400C6B7F2 /* Products */;
			projectDirPath = "";
			projectRoot = "";
			targets = (
				984E75AC29D4299400C6B7F2 /* WeScoopFilterCreator */,
				984E75C529D4299600C6B7F2 /* WeScoopFilterCreatorTests */,
				984E75CF29D4299600C6B7F2 /* WeScoopFilterCreatorUITests */,
			);
		};
/* End PBXProject section */

/* Begin PBXResourcesBuildPhase section */
		984E75AB29D4299400C6B7F2 /* Resources */ = {
			isa = PBXResourcesBuildPhase;
			buildActionMask = 2147483647;
			files = (
				984E762329D6EB6700C6B7F2 /* daz3duv.plist in Resources */,
				FAC5318E29E6E8CA000BC701 /* aviator_makeup.png in Resources */,
				984E760829D5920600C6B7F2 /* Aviator.scnassets in Resources */,
				984E75C029D4299500C6B7F2 /* LaunchScreen.storyboard in Resources */,
				FAC5319229E6E8CA000BC701 /* FW-G-StarsGreen.png in Resources */,
				984E762929D6EFA900C6B7F2 /* Bowie2.scnassets in Resources */,
				984E763129D6F25E00C6B7F2 /* model_eye in Resources */,
				984E763029D6F25E00C6B7F2 /* reducedIndices.bin in Resources */,
				FAC5315629E6E3C5000BC701 /* Aviator_scnassets.scnassets in Resources */,
				984E762529D6EB6700C6B7F2 /* makeupFragment.scnmodifier in Resources */,
				FAC5319429E6E8CA000BC701 /* aviator.dae in Resources */,
				984E760229D58F2900C6B7F2 /* Models.scnassets in Resources */,
				FAC5319329E6E8CA000BC701 /* FW-G-StarsNORMAL.png in Resources */,
				984E762729D6EB6700C6B7F2 /* daz3duv2.plist in Resources */,
				FAC5319729E6EA1B000BC701 /* TEST in Resources */,
				984E762129D6EB6700C6B7F2 /* displacementFragment.scnmodifier in Resources */,
				984E762229D6EB6700C6B7F2 /* defaultCoords.plist in Resources */,
				984E75BD29D4299500C6B7F2 /* Assets.xcassets in Resources */,
				984E762629D6EB6700C6B7F2 /* displacementGeometry.scnmodifier in Resources */,
				FAC5319129E6E8CA000BC701 /* Aviator.scn in Resources */,
				FAC5319929E6EADB000BC701 /* Models_scnassets in Resources */,
				FAC5318F29E6E8CA000BC701 /* aviator5.dae in Resources */,
				984E760629D58F8600C6B7F2 /* SceneKit Asset Catalog.scnassets in Resources */,
				984E75BB29D4299400C6B7F2 /* Main.storyboard in Resources */,
				984E762D29D6F05900C6B7F2 /* geo2.scnassets in Resources */,
				984E762429D6EB6700C6B7F2 /* alternateCoords.plist in Resources */,
				FAC5319029E6E8CA000BC701 /* FW-G-StarsSPEC.png in Resources */,
			);
			runOnlyForDeploymentPostprocessing = 0;
		};
		984E75C429D4299600C6B7F2 /* Resources */ = {
			isa = PBXResourcesBuildPhase;
			buildActionMask = 2147483647;
			files = (
			);
			runOnlyForDeploymentPostprocessing = 0;
		};
		984E75CE29D4299600C6B7F2 /* Resources */ = {
			isa = PBXResourcesBuildPhase;
			buildActionMask = 2147483647;
			files = (
			);
			runOnlyForDeploymentPostprocessing = 0;
		};
/* End PBXResourcesBuildPhase section */

/* Begin PBXSourcesBuildPhase section */
		984E75A929D4299400C6B7F2 /* Sources */ = {
			isa = PBXSourcesBuildPhase;
			buildActionMask = 2147483647;
			files = (
				984E75B329D4299400C6B7F2 /* Shaders.metal in Sources */,
				984E760D29D6CF7200C6B7F2 /* ShaderCommon.metal in Sources */,
				984E761529D6DB4800C6B7F2 /* RenderDestinationProvider.swift in Sources */,
				984E75FB29D4401F00C6B7F2 /* VirtualFaceContent.swift in Sources */,
				984E760A29D5BB2A00C6B7F2 /* RenderPixelBufferConsumer.swift in Sources */,
				984E75B629D4299400C6B7F2 /* Renderer.swift in Sources */,
				984E75B829D4299400C6B7F2 /* ViewController.swift in Sources */,
				984E75FD29D58BE500C6B7F2 /* Overlay.swift in Sources */,
				984E761129D6D1E900C6B7F2 /* LUT.metal in Sources */,
				984E761329D6D79800C6B7F2 /* FaceMask.swift in Sources */,
				984E75B129D4299400C6B7F2 /* AppDelegate.swift in Sources */,
				984E760F29D6D19600C6B7F2 /* Retouch.metal in Sources */,
				984E75FF29D58D3C00C6B7F2 /* MaskInfo.swift in Sources */,
			);
			runOnlyForDeploymentPostprocessing = 0;
		};
		984E75C229D4299600C6B7F2 /* Sources */ = {
			isa = PBXSourcesBuildPhase;
			buildActionMask = 2147483647;
			files = (
				984E75CB29D4299600C6B7F2 /* WeScoopFilterCreatorTests.swift in Sources */,
			);
			runOnlyForDeploymentPostprocessing = 0;
		};
		984E75CC29D4299600C6B7F2 /* Sources */ = {
			isa = PBXSourcesBuildPhase;
			buildActionMask = 2147483647;
			files = (
				984E75D729D4299600C6B7F2 /* WeScoopFilterCreatorUITestsLaunchTests.swift in Sources */,
				984E75D529D4299600C6B7F2 /* WeScoopFilterCreatorUITests.swift in Sources */,
			);
			runOnlyForDeploymentPostprocessing = 0;
		};
/* End PBXSourcesBuildPhase section */

/* Begin PBXTargetDependency section */
		984E75C829D4299600C6B7F2 /* PBXTargetDependency */ = {
			isa = PBXTargetDependency;
			target = 984E75AC29D4299400C6B7F2 /* WeScoopFilterCreator */;
			targetProxy = 984E75C729D4299600C6B7F2 /* PBXContainerItemProxy */;
		};
		984E75D229D4299600C6B7F2 /* PBXTargetDependency */ = {
			isa = PBXTargetDependency;
			target = 984E75AC29D4299400C6B7F2 /* WeScoopFilterCreator */;
			targetProxy = 984E75D129D4299600C6B7F2 /* PBXContainerItemProxy */;
		};
/* End PBXTargetDependency section */

/* Begin PBXVariantGroup section */
		984E75B929D4299400C6B7F2 /* Main.storyboard */ = {
			isa = PBXVariantGroup;
			children = (
				984E75BA29D4299400C6B7F2 /* Base */,
			);
			name = Main.storyboard;
			sourceTree = "<group>";
		};
		984E75BE29D4299500C6B7F2 /* LaunchScreen.storyboard */ = {
			isa = PBXVariantGroup;
			children = (
				984E75BF29D4299500C6B7F2 /* Base */,
			);
			name = LaunchScreen.storyboard;
			sourceTree = "<group>";
		};
/* End PBXVariantGroup section */

/* Begin XCBuildConfiguration section */
		984E75D829D4299600C6B7F2 /* Debug */ = {
			isa = XCBuildConfiguration;
			buildSettings = {
				ALWAYS_SEARCH_USER_PATHS = NO;
				CLANG_ANALYZER_NONNULL = YES;
				CLANG_ANALYZER_NUMBER_OBJECT_CONVERSION = YES_AGGRESSIVE;
				CLANG_CXX_LANGUAGE_STANDARD = "gnu++20";
				CLANG_ENABLE_MODULES = YES;
				CLANG_ENABLE_OBJC_ARC = YES;
				CLANG_ENABLE_OBJC_WEAK = YES;
				CLANG_WARN_BLOCK_CAPTURE_AUTORELEASING = YES;
				CLANG_WARN_BOOL_CONVERSION = YES;
				CLANG_WARN_COMMA = YES;
				CLANG_WARN_CONSTANT_CONVERSION = YES;
				CLANG_WARN_DEPRECATED_OBJC_IMPLEMENTATIONS = YES;
				CLANG_WARN_DIRECT_OBJC_ISA_USAGE = YES_ERROR;
				CLANG_WARN_DOCUMENTATION_COMMENTS = YES;
				CLANG_WARN_EMPTY_BODY = YES;
				CLANG_WARN_ENUM_CONVERSION = YES;
				CLANG_WARN_INFINITE_RECURSION = YES;
				CLANG_WARN_INT_CONVERSION = YES;
				CLANG_WARN_NON_LITERAL_NULL_CONVERSION = YES;
				CLANG_WARN_OBJC_IMPLICIT_RETAIN_SELF = YES;
				CLANG_WARN_OBJC_LITERAL_CONVERSION = YES;
				CLANG_WARN_OBJC_ROOT_CLASS = YES_ERROR;
				CLANG_WARN_QUOTED_INCLUDE_IN_FRAMEWORK_HEADER = YES;
				CLANG_WARN_RANGE_LOOP_ANALYSIS = YES;
				CLANG_WARN_STRICT_PROTOTYPES = YES;
				CLANG_WARN_SUSPICIOUS_MOVE = YES;
				CLANG_WARN_UNGUARDED_AVAILABILITY = YES_AGGRESSIVE;
				CLANG_WARN_UNREACHABLE_CODE = YES;
				CLANG_WARN__DUPLICATE_METHOD_MATCH = YES;
				COPY_PHASE_STRIP = NO;
				DEBUG_INFORMATION_FORMAT = dwarf;
				ENABLE_STRICT_OBJC_MSGSEND = YES;
				ENABLE_TESTABILITY = YES;
				GCC_C_LANGUAGE_STANDARD = gnu11;
				GCC_DYNAMIC_NO_PIC = NO;
				GCC_NO_COMMON_BLOCKS = YES;
				GCC_OPTIMIZATION_LEVEL = 0;
				GCC_PREPROCESSOR_DEFINITIONS = (
					"DEBUG=1",
					"$(inherited)",
				);
				GCC_WARN_64_TO_32_BIT_CONVERSION = YES;
				GCC_WARN_ABOUT_RETURN_TYPE = YES_ERROR;
				GCC_WARN_UNDECLARED_SELECTOR = YES;
				GCC_WARN_UNINITIALIZED_AUTOS = YES_AGGRESSIVE;
				GCC_WARN_UNUSED_FUNCTION = YES;
				GCC_WARN_UNUSED_VARIABLE = YES;
				IPHONEOS_DEPLOYMENT_TARGET = 16.2;
				MTL_ENABLE_DEBUG_INFO = INCLUDE_SOURCE;
				MTL_FAST_MATH = YES;
				ONLY_ACTIVE_ARCH = YES;
				SDKROOT = iphoneos;
				SWIFT_ACTIVE_COMPILATION_CONDITIONS = DEBUG;
				SWIFT_OPTIMIZATION_LEVEL = "-Onone";
			};
			name = Debug;
		};
		984E75D929D4299600C6B7F2 /* Release */ = {
			isa = XCBuildConfiguration;
			buildSettings = {
				ALWAYS_SEARCH_USER_PATHS = NO;
				CLANG_ANALYZER_NONNULL = YES;
				CLANG_ANALYZER_NUMBER_OBJECT_CONVERSION = YES_AGGRESSIVE;
				CLANG_CXX_LANGUAGE_STANDARD = "gnu++20";
				CLANG_ENABLE_MODULES = YES;
				CLANG_ENABLE_OBJC_ARC = YES;
				CLANG_ENABLE_OBJC_WEAK = YES;
				CLANG_WARN_BLOCK_CAPTURE_AUTORELEASING = YES;
				CLANG_WARN_BOOL_CONVERSION = YES;
				CLANG_WARN_COMMA = YES;
				CLANG_WARN_CONSTANT_CONVERSION = YES;
				CLANG_WARN_DEPRECATED_OBJC_IMPLEMENTATIONS = YES;
				CLANG_WARN_DIRECT_OBJC_ISA_USAGE = YES_ERROR;
				CLANG_WARN_DOCUMENTATION_COMMENTS = YES;
				CLANG_WARN_EMPTY_BODY = YES;
				CLANG_WARN_ENUM_CONVERSION = YES;
				CLANG_WARN_INFINITE_RECURSION = YES;
				CLANG_WARN_INT_CONVERSION = YES;
				CLANG_WARN_NON_LITERAL_NULL_CONVERSION = YES;
				CLANG_WARN_OBJC_IMPLICIT_RETAIN_SELF = YES;
				CLANG_WARN_OBJC_LITERAL_CONVERSION = YES;
				CLANG_WARN_OBJC_ROOT_CLASS = YES_ERROR;
				CLANG_WARN_QUOTED_INCLUDE_IN_FRAMEWORK_HEADER = YES;
				CLANG_WARN_RANGE_LOOP_ANALYSIS = YES;
				CLANG_WARN_STRICT_PROTOTYPES = YES;
				CLANG_WARN_SUSPICIOUS_MOVE = YES;
				CLANG_WARN_UNGUARDED_AVAILABILITY = YES_AGGRESSIVE;
				CLANG_WARN_UNREACHABLE_CODE = YES;
				CLANG_WARN__DUPLICATE_METHOD_MATCH = YES;
				COPY_PHASE_STRIP = NO;
				DEBUG_INFORMATION_FORMAT = "dwarf-with-dsym";
				ENABLE_NS_ASSERTIONS = NO;
				ENABLE_STRICT_OBJC_MSGSEND = YES;
				GCC_C_LANGUAGE_STANDARD = gnu11;
				GCC_NO_COMMON_BLOCKS = YES;
				GCC_WARN_64_TO_32_BIT_CONVERSION = YES;
				GCC_WARN_ABOUT_RETURN_TYPE = YES_ERROR;
				GCC_WARN_UNDECLARED_SELECTOR = YES;
				GCC_WARN_UNINITIALIZED_AUTOS = YES_AGGRESSIVE;
				GCC_WARN_UNUSED_FUNCTION = YES;
				GCC_WARN_UNUSED_VARIABLE = YES;
				IPHONEOS_DEPLOYMENT_TARGET = 16.2;
				MTL_ENABLE_DEBUG_INFO = NO;
				MTL_FAST_MATH = YES;
				SDKROOT = iphoneos;
				SWIFT_COMPILATION_MODE = wholemodule;
				SWIFT_OPTIMIZATION_LEVEL = "-O";
				VALIDATE_PRODUCT = YES;
			};
			name = Release;
		};
		984E75DB29D4299600C6B7F2 /* Debug */ = {
			isa = XCBuildConfiguration;
			buildSettings = {
				ASSETCATALOG_COMPILER_APPICON_NAME = AppIcon;
				ASSETCATALOG_COMPILER_GLOBAL_ACCENT_COLOR_NAME = AccentColor;
				CODE_SIGN_STYLE = Automatic;
				CURRENT_PROJECT_VERSION = 1;
				DEVELOPMENT_TEAM = DU355BNKLN;
				GENERATE_INFOPLIST_FILE = YES;
				INFOPLIST_KEY_NSCameraUsageDescription = "";
				INFOPLIST_KEY_NSMicrophoneUsageDescription = "This application will use the microphone for Augmented Reality.";
				INFOPLIST_KEY_UIApplicationSupportsIndirectInputEvents = YES;
				INFOPLIST_KEY_UILaunchStoryboardName = LaunchScreen;
				INFOPLIST_KEY_UIMainStoryboardFile = Main;
				INFOPLIST_KEY_UIRequiredDeviceCapabilities = "arkit metal";
				INFOPLIST_KEY_UIRequiresFullScreen = YES;
				INFOPLIST_KEY_UIStatusBarHidden = YES;
				INFOPLIST_KEY_UIStatusBarStyle = "";
				INFOPLIST_KEY_UISupportedInterfaceOrientations = UIInterfaceOrientationPortrait;
				IPHONEOS_DEPLOYMENT_TARGET = 13.0;
				LD_RUNPATH_SEARCH_PATHS = (
					"$(inherited)",
					"@executable_path/Frameworks",
				);
				MARKETING_VERSION = 1.0;
				PRODUCT_BUNDLE_IDENTIFIER = WeScoop.WeScoopFilterCreator;
				PRODUCT_NAME = "$(TARGET_NAME)";
				SWIFT_EMIT_LOC_STRINGS = YES;
				SWIFT_OBJC_BRIDGING_HEADER = "WeScoopFilterCreator/WeScoopFilterCreator-Bridging-Header.h";
				SWIFT_VERSION = 5.0;
				TARGETED_DEVICE_FAMILY = "1,2";
			};
			name = Debug;
		};
		984E75DC29D4299600C6B7F2 /* Release */ = {
			isa = XCBuildConfiguration;
			buildSettings = {
				ASSETCATALOG_COMPILER_APPICON_NAME = AppIcon;
				ASSETCATALOG_COMPILER_GLOBAL_ACCENT_COLOR_NAME = AccentColor;
				CODE_SIGN_STYLE = Automatic;
				CURRENT_PROJECT_VERSION = 1;
				DEVELOPMENT_TEAM = DU355BNKLN;
				GENERATE_INFOPLIST_FILE = YES;
				INFOPLIST_KEY_NSCameraUsageDescription = "";
				INFOPLIST_KEY_NSMicrophoneUsageDescription = "This application will use the microphone for Augmented Reality.";
				INFOPLIST_KEY_UIApplicationSupportsIndirectInputEvents = YES;
				INFOPLIST_KEY_UILaunchStoryboardName = LaunchScreen;
				INFOPLIST_KEY_UIMainStoryboardFile = Main;
				INFOPLIST_KEY_UIRequiredDeviceCapabilities = "arkit metal";
				INFOPLIST_KEY_UIRequiresFullScreen = YES;
				INFOPLIST_KEY_UIStatusBarHidden = YES;
				INFOPLIST_KEY_UIStatusBarStyle = "";
				INFOPLIST_KEY_UISupportedInterfaceOrientations = UIInterfaceOrientationPortrait;
				IPHONEOS_DEPLOYMENT_TARGET = 13.0;
				LD_RUNPATH_SEARCH_PATHS = (
					"$(inherited)",
					"@executable_path/Frameworks",
				);
				MARKETING_VERSION = 1.0;
				PRODUCT_BUNDLE_IDENTIFIER = WeScoop.WeScoopFilterCreator;
				PRODUCT_NAME = "$(TARGET_NAME)";
				SWIFT_EMIT_LOC_STRINGS = YES;
				SWIFT_OBJC_BRIDGING_HEADER = "WeScoopFilterCreator/WeScoopFilterCreator-Bridging-Header.h";
				SWIFT_VERSION = 5.0;
				TARGETED_DEVICE_FAMILY = "1,2";
			};
			name = Release;
		};
		984E75DE29D4299600C6B7F2 /* Debug */ = {
			isa = XCBuildConfiguration;
			buildSettings = {
				ALWAYS_EMBED_SWIFT_STANDARD_LIBRARIES = YES;
				BUNDLE_LOADER = "$(TEST_HOST)";
				CODE_SIGN_STYLE = Automatic;
				CURRENT_PROJECT_VERSION = 1;
				DEVELOPMENT_TEAM = DU355BNKLN;
				GENERATE_INFOPLIST_FILE = YES;
				IPHONEOS_DEPLOYMENT_TARGET = 16.2;
				MARKETING_VERSION = 1.0;
				PRODUCT_BUNDLE_IDENTIFIER = WeScoop.WeScoopFilterCreatorTests;
				PRODUCT_NAME = "$(TARGET_NAME)";
				SWIFT_EMIT_LOC_STRINGS = NO;
				SWIFT_VERSION = 5.0;
				TARGETED_DEVICE_FAMILY = "1,2";
				TEST_HOST = "$(BUILT_PRODUCTS_DIR)/WeScoopFilterCreator.app/$(BUNDLE_EXECUTABLE_FOLDER_PATH)/WeScoopFilterCreator";
			};
			name = Debug;
		};
		984E75DF29D4299600C6B7F2 /* Release */ = {
			isa = XCBuildConfiguration;
			buildSettings = {
				ALWAYS_EMBED_SWIFT_STANDARD_LIBRARIES = YES;
				BUNDLE_LOADER = "$(TEST_HOST)";
				CODE_SIGN_STYLE = Automatic;
				CURRENT_PROJECT_VERSION = 1;
				DEVELOPMENT_TEAM = DU355BNKLN;
				GENERATE_INFOPLIST_FILE = YES;
				IPHONEOS_DEPLOYMENT_TARGET = 16.2;
				MARKETING_VERSION = 1.0;
				PRODUCT_BUNDLE_IDENTIFIER = WeScoop.WeScoopFilterCreatorTests;
				PRODUCT_NAME = "$(TARGET_NAME)";
				SWIFT_EMIT_LOC_STRINGS = NO;
				SWIFT_VERSION = 5.0;
				TARGETED_DEVICE_FAMILY = "1,2";
				TEST_HOST = "$(BUILT_PRODUCTS_DIR)/WeScoopFilterCreator.app/$(BUNDLE_EXECUTABLE_FOLDER_PATH)/WeScoopFilterCreator";
			};
			name = Release;
		};
		984E75E129D4299600C6B7F2 /* Debug */ = {
			isa = XCBuildConfiguration;
			buildSettings = {
				ALWAYS_EMBED_SWIFT_STANDARD_LIBRARIES = YES;
				CODE_SIGN_STYLE = Automatic;
				CURRENT_PROJECT_VERSION = 1;
				DEVELOPMENT_TEAM = DU355BNKLN;
				GENERATE_INFOPLIST_FILE = YES;
				MARKETING_VERSION = 1.0;
				PRODUCT_BUNDLE_IDENTIFIER = WeScoop.WeScoopFilterCreatorUITests;
				PRODUCT_NAME = "$(TARGET_NAME)";
				SWIFT_EMIT_LOC_STRINGS = NO;
				SWIFT_VERSION = 5.0;
				TARGETED_DEVICE_FAMILY = "1,2";
				TEST_TARGET_NAME = WeScoopFilterCreator;
			};
			name = Debug;
		};
		984E75E229D4299600C6B7F2 /* Release */ = {
			isa = XCBuildConfiguration;
			buildSettings = {
				ALWAYS_EMBED_SWIFT_STANDARD_LIBRARIES = YES;
				CODE_SIGN_STYLE = Automatic;
				CURRENT_PROJECT_VERSION = 1;
				DEVELOPMENT_TEAM = DU355BNKLN;
				GENERATE_INFOPLIST_FILE = YES;
				MARKETING_VERSION = 1.0;
				PRODUCT_BUNDLE_IDENTIFIER = WeScoop.WeScoopFilterCreatorUITests;
				PRODUCT_NAME = "$(TARGET_NAME)";
				SWIFT_EMIT_LOC_STRINGS = NO;
				SWIFT_VERSION = 5.0;
				TARGETED_DEVICE_FAMILY = "1,2";
				TEST_TARGET_NAME = WeScoopFilterCreator;
			};
			name = Release;
		};
/* End XCBuildConfiguration section */

/* Begin XCConfigurationList section */
		984E75A829D4299400C6B7F2 /* Build configuration list for PBXProject "WeScoopFilterCreator" */ = {
			isa = XCConfigurationList;
			buildConfigurations = (
				984E75D829D4299600C6B7F2 /* Debug */,
				984E75D929D4299600C6B7F2 /* Release */,
			);
			defaultConfigurationIsVisible = 0;
			defaultConfigurationName = Release;
		};
		984E75DA29D4299600C6B7F2 /* Build configuration list for PBXNativeTarget "WeScoopFilterCreator" */ = {
			isa = XCConfigurationList;
			buildConfigurations = (
				984E75DB29D4299600C6B7F2 /* Debug */,
				984E75DC29D4299600C6B7F2 /* Release */,
			);
			defaultConfigurationIsVisible = 0;
			defaultConfigurationName = Release;
		};
		984E75DD29D4299600C6B7F2 /* Build configuration list for PBXNativeTarget "WeScoopFilterCreatorTests" */ = {
			isa = XCConfigurationList;
			buildConfigurations = (
				984E75DE29D4299600C6B7F2 /* Debug */,
				984E75DF29D4299600C6B7F2 /* Release */,
			);
			defaultConfigurationIsVisible = 0;
			defaultConfigurationName = Release;
		};
		984E75E029D4299600C6B7F2 /* Build configuration list for PBXNativeTarget "WeScoopFilterCreatorUITests" */ = {
			isa = XCConfigurationList;
			buildConfigurations = (
				984E75E129D4299600C6B7F2 /* Debug */,
				984E75E229D4299600C6B7F2 /* Release */,
			);
			defaultConfigurationIsVisible = 0;
			defaultConfigurationName = Release;
		};
/* End XCConfigurationList section */
	};
	rootObject = 984E75A529D4299400C6B7F2 /* Project object */;
}
